PODS:
  - ChameleonFramework/Default (2.1.0)
  - ChameleonFramework/Swift (2.1.0):
    - ChameleonFramework/Default
  - Charts/Core (3.0.1)
  - Charts/Realm (3.0.1):
    - Charts/Core
    - RealmSwift (~> 1.1)
  - Eureka (2.0.1)
  - Google-Mobile-Ads-SDK (7.20.0)
  - LTMorphingLabel (0.5.0)
  - PopupDialog (0.5.4)
  - RAMAnimatedTabBarController (2.0.13)
  - RandomKit (3.0.0):
    - ShiftOperations
  - Realm (1.1.0):
    - Realm/Headers (= 1.1.0)
  - Realm/Headers (1.1.0)
  - RealmSwift (1.1.0):
    - Realm (= 1.1.0)
  - ShiftOperations (1.0.0)
  - Sparrow/Core (1.0.0)
  - Sparrow/Modules/RequestPermission (1.0.0):
    - Sparrow/Core

DEPENDENCIES:
  - ChameleonFramework/Swift (from `https://github.com/ViccAlexander/Chameleon.git`)
  - Charts/Realm
  - Eureka (~> 2.0)
  - Google-Mobile-Ads-SDK
  - LTMorphingLabel
  - PopupDialog (~> 0.5)
  - RAMAnimatedTabBarController (~> 2.0.13)
  - RandomKit (~> 3.0.0)
  - Sparrow/Modules/RequestPermission (from `https://github.com/IvanVorobei/Sparrow.git`)

EXTERNAL SOURCES:
  ChameleonFramework:
    :git: https://github.com/ViccAlexander/Chameleon.git
  Sparrow:
    :git: https://github.com/IvanVorobei/Sparrow.git

CHECKOUT OPTIONS:
  ChameleonFramework:
    :commit: acc480fbe023c6e5fe40f68593f4a70a8c4c7ad5
    :git: https://github.com/ViccAlexander/Chameleon.git
  Sparrow:
    :commit: 4a443d26fdb43bf834908afd93d2cd3e38ceb60a
    :git: https://github.com/IvanVorobei/Sparrow.git

SPEC CHECKSUMS:
  ChameleonFramework: d21a3cc247abfe5e37609a283a8238b03575cf64
  Charts: 0e84f4418e87dad6a9edde221fba37ebb51d3ba7
  Eureka: ae837bb1dfae0c07bc1bda7aeef87876eeb537c2
  Google-Mobile-Ads-SDK: 168312cdc167fa22746d4ea8e839fc4825dd2966
  LTMorphingLabel: bc170be74b219b7dae0e5543a44676d16da70ff7
  PopupDialog: 75cf955693590b0cb2fdde00223fb65d99c57247
  RAMAnimatedTabBarController: 2510f3b66954c3f77ea1042a35d34df8f5f3b604
  RandomKit: 03b4be99ecc35850b794e0185689931d72024e93
  Realm: ceecf1a4540c4ce9efe196fe73fa9855bce05bd8
  RealmSwift: 838058b2db95b12cb86bd0cf209df642c33fb60a
  ShiftOperations: 0c77c06851e7976c2665d601b46af123dbffeade
  Sparrow: 30b0e315a27798d7a56757250499449ac6b663c3

PODFILE CHECKSUM: a240f53aef5d825167aa593a9396fb05bba55f5e

COCOAPODS: 1.2.0
